
Microsoft Visual Studio Solution File, Format Version 12.00
# Visual Studio Version 17
VisualStudioVersion = 17.2.32602.215
MinimumVisualStudioVersion = 10.0.40219.1
Project("{FAE04EC0-301F-11D3-BF4B-00C04F79EFBC}") = "AzureDevOps_WorkItemsGeneration", "AzureDevOps_WorkItemsGeneration.csproj", "{82696090-9227-4699-A5A9-5237C8207256}"
EndProject
Global
	GlobalSection(SolutionConfigurationPlatforms) = preSolution
		Debug|Any CPU = Debug|Any CPU
		Release|Any CPU = Release|Any CPU
	EndGlobalSection
	GlobalSection(ProjectConfigurationPlatforms) = postSolution
		{82696090-9227-4699-A5A9-5237C8207256}.Debug|Any CPU.ActiveCfg = Debug|Any CPU
		{82696090-9227-4699-A5A9-5237C8207256}.Debug|Any CPU.Build.0 = Debug|Any CPU
		{82696090-9227-4699-A5A9-5237C8207256}.Release|Any CPU.ActiveCfg = Release|Any CPU
		{82696090-9227-4699-A5A9-5237C8207256}.Release|Any CPU.Build.0 = Release|Any CPU
	EndGlobalSection
	GlobalSection(SolutionProperties) = preSolution
		HideSolutionNode = FALSE
	EndGlobalSection
	GlobalSection(ExtensibilityGlobals) = postSolution
		SolutionGuid = {D38D6461-CB4F-4726-BE8E-73B746D0BCFF}
	EndGlobalSection
EndGlobal
